
Microsoft Visual Studio Solution File, Format Version 12.00
# Visual Studio Version 16
VisualStudioVersion = 16.0.30503.244
MinimumVisualStudioVersion = 10.0.40219.1
Project("{FAE04EC0-301F-11D3-BF4B-00C04F79EFBC}") = "BlazorApp1.Server", "BlazorApp1\Server\BlazorApp1.Server.csproj", "{BCE201B0-6784-4F54-84B4-31A8ECCA815C}"
EndProject
Project("{FAE04EC0-301F-11D3-BF4B-00C04F79EFBC}") = "BlazorApp1.Client", "BlazorApp1\Client\BlazorApp1.Client.csproj", "{18E9E618-DAB0-4D88-8F60-458AAC9419EF}"
EndProject
Project("{FAE04EC0-301F-11D3-BF4B-00C04F79EFBC}") = "BlazorApp1.Shared", "BlazorApp1\Shared\BlazorApp1.Shared.csproj", "{6A274F77-6B3D-495B-8E65-241AE4E5AD39}"
EndProject
Global
	GlobalSection(SolutionConfigurationPlatforms) = preSolution
		Debug|Any CPU = Debug|Any CPU
		Release|Any CPU = Release|Any CPU
	EndGlobalSection
	GlobalSection(ProjectConfigurationPlatforms) = postSolution
		{BCE201B0-6784-4F54-84B4-31A8ECCA815C}.Debug|Any CPU.ActiveCfg = Debug|Any CPU
		{BCE201B0-6784-4F54-84B4-31A8ECCA815C}.Debug|Any CPU.Build.0 = Debug|Any CPU
		{BCE201B0-6784-4F54-84B4-31A8ECCA815C}.Release|Any CPU.ActiveCfg = Release|Any CPU
		{BCE201B0-6784-4F54-84B4-31A8ECCA815C}.Release|Any CPU.Build.0 = Release|Any CPU
		{18E9E618-DAB0-4D88-8F60-458AAC9419EF}.Debug|Any CPU.ActiveCfg = Debug|Any CPU
		{18E9E618-DAB0-4D88-8F60-458AAC9419EF}.Debug|Any CPU.Build.0 = Debug|Any CPU
		{18E9E618-DAB0-4D88-8F60-458AAC9419EF}.Release|Any CPU.ActiveCfg = Release|Any CPU
		{18E9E618-DAB0-4D88-8F60-458AAC9419EF}.Release|Any CPU.Build.0 = Release|Any CPU
		{6A274F77-6B3D-495B-8E65-241AE4E5AD39}.Debug|Any CPU.ActiveCfg = Debug|Any CPU
		{6A274F77-6B3D-495B-8E65-241AE4E5AD39}.Debug|Any CPU.Build.0 = Debug|Any CPU
		{6A274F77-6B3D-495B-8E65-241AE4E5AD39}.Release|Any CPU.ActiveCfg = Release|Any CPU
		{6A274F77-6B3D-495B-8E65-241AE4E5AD39}.Release|Any CPU.Build.0 = Release|Any CPU
	EndGlobalSection
	GlobalSection(SolutionProperties) = preSolution
		HideSolutionNode = FALSE
	EndGlobalSection
	GlobalSection(ExtensibilityGlobals) = postSolution
		SolutionGuid = {3853D3B3-0C73-4C02-991A-86E337F7FB73}
	EndGlobalSection
EndGlobal
